
Microsoft Visual Studio Solution File, Format Version 12.00
# Visual Studio 14
VisualStudioVersion = 14.0.25420.1
MinimumVisualStudioVersion = 10.0.40219.1
Project("{FAE04EC0-301F-11D3-BF4B-00C04F79EFBC}") = "Common", "Common\Common.csproj", "{ADBB5182-A63A-438F-AA60-E16408130841}"
EndProject
Project("{FAE04EC0-301F-11D3-BF4B-00C04F79EFBC}") = "Inversion", "Inversion\Inversion.csproj", "{5E566BAB-07CE-497C-A7F9-488368102302}"
EndProject
Global
	GlobalSection(SolutionConfigurationPlatforms) = preSolution
		Debug|Any CPU = Debug|Any CPU
		Release|Any CPU = Release|Any CPU
	EndGlobalSection
	GlobalSection(ProjectConfigurationPlatforms) = postSolution
		{ADBB5182-A63A-438F-AA60-E16408130841}.Debug|Any CPU.ActiveCfg = Debug|Any CPU
		{ADBB5182-A63A-438F-AA60-E16408130841}.Debug|Any CPU.Build.0 = Debug|Any CPU
		{ADBB5182-A63A-438F-AA60-E16408130841}.Release|Any CPU.ActiveCfg = Release|Any CPU
		{ADBB5182-A63A-438F-AA60-E16408130841}.Release|Any CPU.Build.0 = Release|Any CPU
		{5E566BAB-07CE-497C-A7F9-488368102302}.Debug|Any CPU.ActiveCfg = Debug|Any CPU
		{5E566BAB-07CE-497C-A7F9-488368102302}.Debug|Any CPU.Build.0 = Debug|Any CPU
		{5E566BAB-07CE-497C-A7F9-488368102302}.Release|Any CPU.ActiveCfg = Release|Any CPU
		{5E566BAB-07CE-497C-A7F9-488368102302}.Release|Any CPU.Build.0 = Release|Any CPU
	EndGlobalSection
	GlobalSection(SolutionProperties) = preSolution
		HideSolutionNode = FALSE
	EndGlobalSection
EndGlobal
